
Microsoft Visual Studio Solution File, Format Version 12.00
# Visual Studio Version 17
VisualStudioVersion = 17.13.35931.197 d17.13
MinimumVisualStudioVersion = 10.0.40219.1
Project("{FAE04EC0-301F-11D3-BF4B-00C04F79EFBC}") = "New_Album", "New_Album\New_Album.csproj", "{15F1F9CD-2A0A-4934-8AB0-22D9A8E776DD}"
EndProject
Global
	GlobalSection(SolutionConfigurationPlatforms) = preSolution
		Debug|Any CPU = Debug|Any CPU
		Release|Any CPU = Release|Any CPU
	EndGlobalSection
	GlobalSection(ProjectConfigurationPlatforms) = postSolution
		{15F1F9CD-2A0A-4934-8AB0-22D9A8E776DD}.Debug|Any CPU.ActiveCfg = Debug|Any CPU
		{15F1F9CD-2A0A-4934-8AB0-22D9A8E776DD}.Debug|Any CPU.Build.0 = Debug|Any CPU
		{15F1F9CD-2A0A-4934-8AB0-22D9A8E776DD}.Release|Any CPU.ActiveCfg = Release|Any CPU
		{15F1F9CD-2A0A-4934-8AB0-22D9A8E776DD}.Release|Any CPU.Build.0 = Release|Any CPU
	EndGlobalSection
	GlobalSection(SolutionProperties) = preSolution
		HideSolutionNode = FALSE
	EndGlobalSection
	GlobalSection(ExtensibilityGlobals) = postSolution
		SolutionGuid = {DFEE3EF6-AF34-433C-8256-FCB458DD22E9}
	EndGlobalSection
EndGlobal
